
Microsoft Visual Studio Solution File, Format Version 12.00
# Visual Studio Version 17
VisualStudioVersion = 17.5.002.0
MinimumVisualStudioVersion = 10.0.40219.1
Project("{9A19103F-16F7-4668-BE54-9A1E7A4F7556}") = "ServerTests", "ServerTests\ServerTests.csproj", "{EF80E6FC-80E7-484D-82FE-20551DE3F4CB}"
EndProject
Project("{9A19103F-16F7-4668-BE54-9A1E7A4F7556}") = "Server", "Server\Server.csproj", "{73A7052B-D00F-4450-BA89-84682126DA93}"
EndProject
Global
	GlobalSection(SolutionConfigurationPlatforms) = preSolution
		Debug|Any CPU = Debug|Any CPU
		Release|Any CPU = Release|Any CPU
	EndGlobalSection
	GlobalSection(ProjectConfigurationPlatforms) = postSolution
		{EF80E6FC-80E7-484D-82FE-20551DE3F4CB}.Debug|Any CPU.ActiveCfg = Debug|Any CPU
		{EF80E6FC-80E7-484D-82FE-20551DE3F4CB}.Debug|Any CPU.Build.0 = Debug|Any CPU
		{EF80E6FC-80E7-484D-82FE-20551DE3F4CB}.Release|Any CPU.ActiveCfg = Release|Any CPU
		{EF80E6FC-80E7-484D-82FE-20551DE3F4CB}.Release|Any CPU.Build.0 = Release|Any CPU
		{73A7052B-D00F-4450-BA89-84682126DA93}.Debug|Any CPU.ActiveCfg = Debug|Any CPU
		{73A7052B-D00F-4450-BA89-84682126DA93}.Debug|Any CPU.Build.0 = Debug|Any CPU
		{73A7052B-D00F-4450-BA89-84682126DA93}.Release|Any CPU.ActiveCfg = Release|Any CPU
		{73A7052B-D00F-4450-BA89-84682126DA93}.Release|Any CPU.Build.0 = Release|Any CPU
	EndGlobalSection
	GlobalSection(SolutionProperties) = preSolution
		HideSolutionNode = FALSE
	EndGlobalSection
	GlobalSection(ExtensibilityGlobals) = postSolution
		SolutionGuid = {1A2ACEE4-99D2-4AD7-9E34-EAEC7CE71203}
	EndGlobalSection
EndGlobal
