
Microsoft Visual Studio Solution File, Format Version 12.00
# Visual Studio Version 17
VisualStudioVersion = 17.5.002.0
MinimumVisualStudioVersion = 10.0.40219.1
Project("{9A19103F-16F7-4668-BE54-9A1E7A4F7556}") = "Server", "Server\Server.csproj", "{1612F0D5-37D6-4154-8A96-72AB167C7873}"
EndProject
Global
	GlobalSection(SolutionConfigurationPlatforms) = preSolution
		Debug|Any CPU = Debug|Any CPU
		Release|Any CPU = Release|Any CPU
	EndGlobalSection
	GlobalSection(ProjectConfigurationPlatforms) = postSolution
		{1612F0D5-37D6-4154-8A96-72AB167C7873}.Debug|Any CPU.ActiveCfg = Debug|Any CPU
		{1612F0D5-37D6-4154-8A96-72AB167C7873}.Debug|Any CPU.Build.0 = Debug|Any CPU
		{1612F0D5-37D6-4154-8A96-72AB167C7873}.Release|Any CPU.ActiveCfg = Release|Any CPU
		{1612F0D5-37D6-4154-8A96-72AB167C7873}.Release|Any CPU.Build.0 = Release|Any CPU
	EndGlobalSection
	GlobalSection(SolutionProperties) = preSolution
		HideSolutionNode = FALSE
	EndGlobalSection
	GlobalSection(ExtensibilityGlobals) = postSolution
		SolutionGuid = {8499DC16-36CF-4051-AA0D-08F68001580E}
	EndGlobalSection
EndGlobal
